
Microsoft Visual Studio Solution File, Format Version 12.00
# Visual Studio 15
VisualStudioVersion = 15.0.28307.329
MinimumVisualStudioVersion = 10.0.40219.1
Project("{2150E333-8FDC-42A3-9474-1A3956D46DE8}") = "Modules", "Modules", "{D0D198E8-267E-43FE-90E9-C04B9C693C06}"
EndProject
Project("{2150E333-8FDC-42A3-9474-1A3956D46DE8}") = "WebApi", "WebApi", "{692DF2BE-F8EA-4EF1-8686-E2A9AE71F681}"
EndProject
Project("{FAE04EC0-301F-11D3-BF4B-00C04F79EFBC}") = "WebApiProject", "WebApiProject\WebApiProject.csproj", "{ED9DAEC9-65E4-4E4A-B803-3594C209A6A4}"
EndProject
Project("{FAE04EC0-301F-11D3-BF4B-00C04F79EFBC}") = "WebApi.DTO", "WebApi.DTO\WebApi.DTO.csproj", "{B7D1695C-0A1E-4C01-A1F8-55D0D5024760}"
EndProject
Project("{2150E333-8FDC-42A3-9474-1A3956D46DE8}") = "Core", "Core", "{1681C2F5-3CAB-4520-8790-6C62211A5207}"
EndProject
Project("{FAE04EC0-301F-11D3-BF4B-00C04F79EFBC}") = "Irepository", "Irepository\Irepository.csproj", "{84CC50B8-8CF7-4FE5-BDDF-06974B54B41E}"
EndProject
Project("{2150E333-8FDC-42A3-9474-1A3956D46DE8}") = "Models", "Models", "{1ED27BE3-234F-4043-A6BE-15FEFC9BBC93}"
EndProject
Project("{FAE04EC0-301F-11D3-BF4B-00C04F79EFBC}") = "Model", "Model\Model.csproj", "{55AA2494-805D-450E-8E37-36F5F6253ABC}"
EndProject
Project("{2150E333-8FDC-42A3-9474-1A3956D46DE8}") = "001DataBase", "001DataBase", "{0169E477-B2DA-464E-BCF9-542A479A041E}"
EndProject
Project("{FAE04EC0-301F-11D3-BF4B-00C04F79EFBC}") = "DBConnect", "DBConnect\DBConnect.csproj", "{9C724EC6-8041-4F36-B2C0-B6E65BC1FDAD}"
EndProject
Global
	GlobalSection(SolutionConfigurationPlatforms) = preSolution
		Debug|Any CPU = Debug|Any CPU
		Release|Any CPU = Release|Any CPU
	EndGlobalSection
	GlobalSection(ProjectConfigurationPlatforms) = postSolution
		{ED9DAEC9-65E4-4E4A-B803-3594C209A6A4}.Debug|Any CPU.ActiveCfg = Debug|Any CPU
		{ED9DAEC9-65E4-4E4A-B803-3594C209A6A4}.Debug|Any CPU.Build.0 = Debug|Any CPU
		{ED9DAEC9-65E4-4E4A-B803-3594C209A6A4}.Release|Any CPU.ActiveCfg = Release|Any CPU
		{ED9DAEC9-65E4-4E4A-B803-3594C209A6A4}.Release|Any CPU.Build.0 = Release|Any CPU
		{B7D1695C-0A1E-4C01-A1F8-55D0D5024760}.Debug|Any CPU.ActiveCfg = Debug|Any CPU
		{B7D1695C-0A1E-4C01-A1F8-55D0D5024760}.Debug|Any CPU.Build.0 = Debug|Any CPU
		{B7D1695C-0A1E-4C01-A1F8-55D0D5024760}.Release|Any CPU.ActiveCfg = Release|Any CPU
		{B7D1695C-0A1E-4C01-A1F8-55D0D5024760}.Release|Any CPU.Build.0 = Release|Any CPU
		{84CC50B8-8CF7-4FE5-BDDF-06974B54B41E}.Debug|Any CPU.ActiveCfg = Debug|Any CPU
		{84CC50B8-8CF7-4FE5-BDDF-06974B54B41E}.Debug|Any CPU.Build.0 = Debug|Any CPU
		{84CC50B8-8CF7-4FE5-BDDF-06974B54B41E}.Release|Any CPU.ActiveCfg = Release|Any CPU
		{84CC50B8-8CF7-4FE5-BDDF-06974B54B41E}.Release|Any CPU.Build.0 = Release|Any CPU
		{55AA2494-805D-450E-8E37-36F5F6253ABC}.Debug|Any CPU.ActiveCfg = Debug|Any CPU
		{55AA2494-805D-450E-8E37-36F5F6253ABC}.Debug|Any CPU.Build.0 = Debug|Any CPU
		{55AA2494-805D-450E-8E37-36F5F6253ABC}.Release|Any CPU.ActiveCfg = Release|Any CPU
		{55AA2494-805D-450E-8E37-36F5F6253ABC}.Release|Any CPU.Build.0 = Release|Any CPU
		{9C724EC6-8041-4F36-B2C0-B6E65BC1FDAD}.Debug|Any CPU.ActiveCfg = Debug|Any CPU
		{9C724EC6-8041-4F36-B2C0-B6E65BC1FDAD}.Debug|Any CPU.Build.0 = Debug|Any CPU
		{9C724EC6-8041-4F36-B2C0-B6E65BC1FDAD}.Release|Any CPU.ActiveCfg = Release|Any CPU
		{9C724EC6-8041-4F36-B2C0-B6E65BC1FDAD}.Release|Any CPU.Build.0 = Release|Any CPU
	EndGlobalSection
	GlobalSection(SolutionProperties) = preSolution
		HideSolutionNode = FALSE
	EndGlobalSection
	GlobalSection(NestedProjects) = preSolution
		{692DF2BE-F8EA-4EF1-8686-E2A9AE71F681} = {D0D198E8-267E-43FE-90E9-C04B9C693C06}
		{ED9DAEC9-65E4-4E4A-B803-3594C209A6A4} = {692DF2BE-F8EA-4EF1-8686-E2A9AE71F681}
		{B7D1695C-0A1E-4C01-A1F8-55D0D5024760} = {692DF2BE-F8EA-4EF1-8686-E2A9AE71F681}
		{1681C2F5-3CAB-4520-8790-6C62211A5207} = {D0D198E8-267E-43FE-90E9-C04B9C693C06}
		{84CC50B8-8CF7-4FE5-BDDF-06974B54B41E} = {1681C2F5-3CAB-4520-8790-6C62211A5207}
		{1ED27BE3-234F-4043-A6BE-15FEFC9BBC93} = {D0D198E8-267E-43FE-90E9-C04B9C693C06}
		{55AA2494-805D-450E-8E37-36F5F6253ABC} = {1ED27BE3-234F-4043-A6BE-15FEFC9BBC93}
		{0169E477-B2DA-464E-BCF9-542A479A041E} = {D0D198E8-267E-43FE-90E9-C04B9C693C06}
		{9C724EC6-8041-4F36-B2C0-B6E65BC1FDAD} = {0169E477-B2DA-464E-BCF9-542A479A041E}
	EndGlobalSection
	GlobalSection(ExtensibilityGlobals) = postSolution
		SolutionGuid = {3484ABE5-FFC6-4AFD-A7B9-CF7650093BE9}
	EndGlobalSection
EndGlobal
